
Microsoft Visual Studio Solution File, Format Version 12.00
# Visual Studio Version 18
VisualStudioVersion = 18.0.11201.2 d18.0
MinimumVisualStudioVersion = 10.0.40219.1
Project("{FAE04EC0-301F-11D3-BF4B-00C04F79EFBC}") = "SomeBenches.ShiftMaskBench", "src\SomeBenches.ShiftMaskBench\SomeBenches.ShiftMaskBench.csproj", "{BC27A32C-0065-44BA-A7EE-BA0451B03629}"
EndProject
Project("{2150E333-8FDC-42A3-9474-1A3956D46DE8}") = "Solution Items", "Solution Items", "{8EC462FD-D22E-90A8-E5CE-7E832BA40C5D}"
	ProjectSection(SolutionItems) = preProject
		.editorconfig = .editorconfig
		Directory.Build.props = Directory.Build.props
		README.md = README.md
	EndProjectSection
EndProject
Project("{FAE04EC0-301F-11D3-BF4B-00C04F79EFBC}") = "SomeBenches.SpanSliceBoundsBench", "src\SomeBenches.SpanSliceBoundsBench\SomeBenches.SpanSliceBoundsBench.csproj", "{98FA82FC-0F94-4271-9AA5-246889509BC4}"
EndProject
Project("{FAE04EC0-301F-11D3-BF4B-00C04F79EFBC}") = "SomeBenches.TupleSwapBench", "src\SomeBenches.TupleSwapBench\SomeBenches.TupleSwapBench.csproj", "{8703D580-9188-4B43-A71C-340227FCF97E}"
EndProject
Global
	GlobalSection(SolutionConfigurationPlatforms) = preSolution
		Debug|Any CPU = Debug|Any CPU
		Release|Any CPU = Release|Any CPU
	EndGlobalSection
	GlobalSection(ProjectConfigurationPlatforms) = postSolution
		{BC27A32C-0065-44BA-A7EE-BA0451B03629}.Debug|Any CPU.ActiveCfg = Debug|Any CPU
		{BC27A32C-0065-44BA-A7EE-BA0451B03629}.Debug|Any CPU.Build.0 = Debug|Any CPU
		{BC27A32C-0065-44BA-A7EE-BA0451B03629}.Release|Any CPU.ActiveCfg = Release|Any CPU
		{BC27A32C-0065-44BA-A7EE-BA0451B03629}.Release|Any CPU.Build.0 = Release|Any CPU
		{98FA82FC-0F94-4271-9AA5-246889509BC4}.Debug|Any CPU.ActiveCfg = Debug|Any CPU
		{98FA82FC-0F94-4271-9AA5-246889509BC4}.Debug|Any CPU.Build.0 = Debug|Any CPU
		{98FA82FC-0F94-4271-9AA5-246889509BC4}.Release|Any CPU.ActiveCfg = Release|Any CPU
		{98FA82FC-0F94-4271-9AA5-246889509BC4}.Release|Any CPU.Build.0 = Release|Any CPU
		{8703D580-9188-4B43-A71C-340227FCF97E}.Debug|Any CPU.ActiveCfg = Debug|Any CPU
		{8703D580-9188-4B43-A71C-340227FCF97E}.Debug|Any CPU.Build.0 = Debug|Any CPU
		{8703D580-9188-4B43-A71C-340227FCF97E}.Release|Any CPU.ActiveCfg = Release|Any CPU
		{8703D580-9188-4B43-A71C-340227FCF97E}.Release|Any CPU.Build.0 = Release|Any CPU
	EndGlobalSection
	GlobalSection(SolutionProperties) = preSolution
		HideSolutionNode = FALSE
	EndGlobalSection
	GlobalSection(ExtensibilityGlobals) = postSolution
		SolutionGuid = {DC670F6C-6DBA-4224-8EF6-B233AF98F9D4}
	EndGlobalSection
EndGlobal
